{
  "name": "blitz-wallet-website",
  "version": "1.0.0",
  "lockfileVersion": 3,
  "requires": true,
  "packages": {
    "": {
      "name": "blitz-wallet-website",
      "version": "1.0.0",
      "license": "ISC",
      "dependencies": {
        "@netlify/edge-functions": "^3.0.4",
        "dotenv": "16.4.1"
      }
    },
    "node_modules/@netlify/edge-functions": {
      "version": "3.0.4",
      "resolved": "https://registry.npmjs.org/@netlify/edge-functions/-/edge-functions-3.0.4.tgz",
      "integrity": "sha512-3wVqFjBrLxp/8lQ/hm/Z1yLgVnP5WTt3jwlQwm+YN8eHBYAzX0RMRVJkv9c/rQTUTGK92TAIptrwBtK7GRQRSQ==",
      "license": "MIT",
      "dependencies": {
        "@netlify/types": "2.4.0"
      },
      "engines": {
        "node": ">=18.0.0"
      }
    },
    "node_modules/@netlify/types": {
      "version": "2.4.0",
      "resolved": "https://registry.npmjs.org/@netlify/types/-/types-2.4.0.tgz",
      "integrity": "sha512-FMHxZCa2XWIQgjt1WP1dTZ909XIbD1tWQYfXpIBZMq2H3hzFZV2HIDNWGfoL8INQ/CjGBP6dGbsfC6AbvHmH+Q==",
      "license": "MIT",
      "engines": {
        "node": "^18.14.0 || >=20"
      }
    },
    "node_modules/dotenv": {
      "version": "16.4.1",
      "resolved": "https://registry.npmjs.org/dotenv/-/dotenv-16.4.1.tgz",
      "integrity": "sha512-CjA3y+Dr3FyFDOAMnxZEGtnW9KBR2M0JvvUtXNW+dYJL5ROWxP9DUHCwgFqpMk0OXCc0ljhaNTr2w/kutYIcHQ==",
      "license": "BSD-2-Clause",
      "engines": {
        "node": ">=12"
      },
      "funding": {
        "url": "https://github.com/motdotla/dotenv?sponsor=1"
      }
    }
  }
}
